{
  "name": "@namofun/vssui-platform",
  "version": "1.0.0",
  "lockfileVersion": 1,
  "requires": true,
  "dependencies": {
    "@babel/runtime": {
      "version": "7.15.4",
      "resolved": "https://registry.npmjs.org/@babel/runtime/-/runtime-7.15.4.tgz",
      "integrity": "sha512-99catp6bHCaxr4sJ/DbTGgHS4+Rs2RVd2g7iOap6SLGPDknRK9ztKNsE/Fg6QhSeh1FGE5f6gHGQmvvn3I3xhw==",
      "dev": true,
      "requires": {
        "regenerator-runtime": "^0.13.4"
      }
    },
    "@types/history": {
      "version": "4.7.9",
      "resolved": "https://registry.npmjs.org/@types/history/-/history-4.7.9.tgz",
      "integrity": "sha512-MUc6zSmU3tEVnkQ78q0peeEjKWPUADMlC/t++2bI8WnAG2tvYRPIgHG8lWkXwqc8MsUF6Z2MOf+Mh5sazOmhiQ==",
      "dev": true
    },
    "@types/node": {
      "version": "16.10.2",
      "resolved": "https://registry.npmjs.org/@types/node/-/node-16.10.2.tgz",
      "integrity": "sha512-zCclL4/rx+W5SQTzFs9wyvvyCwoK9QtBpratqz2IYJ3O8Umrn0m3nsTv0wQBk9sRGpvUe9CwPDrQFB10f1FIjQ==",
      "dev": true
    },
    "@types/prop-types": {
      "version": "15.7.4",
      "resolved": "https://registry.npmjs.org/@types/prop-types/-/prop-types-15.7.4.tgz",
      "integrity": "sha512-rZ5drC/jWjrArrS8BR6SIr4cWpW09RNTYt9AMZo3Jwwif+iacXAqgVjm0B0Bv/S1jhDXKHqRVNCbACkJ89RAnQ==",
      "dev": true
    },
    "@types/react": {
      "version": "16.14.16",
      "resolved": "https://registry.npmjs.org/@types/react/-/react-16.14.16.tgz",
      "integrity": "sha512-7waDQ0h1TkAk99S04wV0LUiiSXpT02lzrdDF4WZFqn2W0XE5ICXLBMtqXWZ688aX2dJislQ3knmZX/jH53RluQ==",
      "dev": true,
      "requires": {
        "@types/prop-types": "*",
        "@types/scheduler": "*",
        "csstype": "^3.0.2"
      }
    },
    "@types/react-dom": {
      "version": "16.9.14",
      "resolved": "https://registry.npmjs.org/@types/react-dom/-/react-dom-16.9.14.tgz",
      "integrity": "sha512-FIX2AVmPTGP30OUJ+0vadeIFJJ07Mh1m+U0rxfgyW34p3rTlXI+nlenvAxNn4BP36YyI9IJ/+UJ7Wu22N1pI7A==",
      "dev": true,
      "requires": {
        "@types/react": "^16"
      }
    },
    "@types/react-router": {
      "version": "5.1.16",
      "resolved": "https://registry.npmjs.org/@types/react-router/-/react-router-5.1.16.tgz",
      "integrity": "sha512-8d7nR/fNSqlTFGHti0R3F9WwIertOaaA1UEB8/jr5l5mDMOs4CidEgvvYMw4ivqrBK+vtVLxyTj2P+Pr/dtgzg==",
      "dev": true,
      "requires": {
        "@types/history": "*",
        "@types/react": "*"
      }
    },
    "@types/scheduler": {
      "version": "0.16.2",
      "resolved": "https://registry.npmjs.org/@types/scheduler/-/scheduler-0.16.2.tgz",
      "integrity": "sha512-hppQEBDmlwhFAXKJX2KnWLYu5yMfi91yazPb2l+lbJiwW+wdo1gNeRA+3RgNSO39WYX2euey41KEwnqesU2Jew==",
      "dev": true
    },
    "array-differ": {
      "version": "1.0.0",
      "resolved": "https://registry.npmjs.org/array-differ/-/array-differ-1.0.0.tgz",
      "integrity": "sha1-7/UuN1gknTO+QCuLuOVkuytdQDE=",
      "dev": true
    },
    "array-union": {
      "version": "1.0.2",
      "resolved": "https://registry.npmjs.org/array-union/-/array-union-1.0.2.tgz",
      "integrity": "sha1-mjRBDk9OPaI96jdb5b5w8kd47Dk=",
      "dev": true,
      "requires": {
        "array-uniq": "^1.0.1"
      }
    },
    "array-uniq": {
      "version": "1.0.3",
      "resolved": "https://registry.npmjs.org/array-uniq/-/array-uniq-1.0.3.tgz",
      "integrity": "sha1-r2rId6Jcx/dOBYiUdThY39sk/bY=",
      "dev": true
    },
    "array.prototype.find": {
      "version": "2.0.4",
      "resolved": "https://registry.npmjs.org/array.prototype.find/-/array.prototype.find-2.0.4.tgz",
      "integrity": "sha1-VWpcU2LAhkgyPdrrnenRS8GGTJA=",
      "dev": true,
      "requires": {
        "define-properties": "^1.1.2",
        "es-abstract": "^1.7.0"
      }
    },
    "arrify": {
      "version": "1.0.1",
      "resolved": "https://registry.npmjs.org/arrify/-/arrify-1.0.1.tgz",
      "integrity": "sha1-iYUI2iIm84DfkEcoRWhJwVAaSw0=",
      "dev": true
    },
    "asap": {
      "version": "2.0.6",
      "resolved": "https://registry.npmjs.org/asap/-/asap-2.0.6.tgz",
      "integrity": "sha1-5QNHYR1+aQlDIIu9r+vLwvuGbUY=",
      "dev": true
    },
    "azure-devops-ui": {
      "version": "2.167.16",
      "resolved": "https://registry.npmjs.org/azure-devops-ui/-/azure-devops-ui-2.167.16.tgz",
      "integrity": "sha512-+zppk0W/61/V3gZa27qZmhJSZcYS2JIbO7++4QC19nyyn/G9UrEUXAz9BOzesx+kjyn0X+yWDsB3pGmaMAJlpw==",
      "dev": true,
      "requires": {
        "array.prototype.find": "~2.0.4",
        "es6-object-assign": "~1.1.0",
        "es6-promise": "~4.2.5",
        "es6-string-polyfills": "~1.0.0",
        "intersection-observer": "~0.5.1",
        "tslib": "~1.10.0"
      },
      "dependencies": {
        "tslib": {
          "version": "1.10.0",
          "resolved": "https://registry.npmjs.org/tslib/-/tslib-1.10.0.tgz",
          "integrity": "sha512-qOebF53frne81cf0S9B41ByenJ3/IuH8yJKngAX35CmiZySA0khhkovshKK+jGCaMnVomla7gVlIcc3EvKPbTQ==",
          "dev": true
        }
      }
    },
    "balanced-match": {
      "version": "1.0.2",
      "resolved": "https://registry.npmjs.org/balanced-match/-/balanced-match-1.0.2.tgz",
      "integrity": "sha512-3oSeUO0TMV67hN1AmbXsK4yaqU7tjiHlbxRDZOpH0KW9+CeX4bRAaX0Anxt0tx2MrpRpWwQaPwIlISEJhYU5Pw==",
      "dev": true
    },
    "brace-expansion": {
      "version": "1.1.11",
      "resolved": "https://registry.npmjs.org/brace-expansion/-/brace-expansion-1.1.11.tgz",
      "integrity": "sha512-iCuPHDFgrHX7H2vEI/5xpz07zSHB00TpugqhmYtVmMO6518mCuRMoOYFldEBl0g187ufozdaHgWKcYFb61qGiA==",
      "dev": true,
      "requires": {
        "balanced-match": "^1.0.0",
        "concat-map": "0.0.1"
      }
    },
    "call-bind": {
      "version": "1.0.2",
      "resolved": "https://registry.npmjs.org/call-bind/-/call-bind-1.0.2.tgz",
      "integrity": "sha512-7O+FbCihrB5WGbFYesctwmTKae6rOiIzmz1icreWJ+0aA7LJfuqhEso2T9ncpcFtzMQtzXf2QGGueWJGTYsqrA==",
      "dev": true,
      "requires": {
        "function-bind": "^1.1.1",
        "get-intrinsic": "^1.0.2"
      }
    },
    "commander": {
      "version": "2.13.0",
      "resolved": "https://registry.npmjs.org/commander/-/commander-2.13.0.tgz",
      "integrity": "sha512-MVuS359B+YzaWqjCL/c+22gfryv+mCBPHAv3zyVI2GN8EY6IRP8VwtasXn8jyyhvvq84R4ImN1OKRtcbIasjYA==",
      "dev": true
    },
    "concat-map": {
      "version": "0.0.1",
      "resolved": "https://registry.npmjs.org/concat-map/-/concat-map-0.0.1.tgz",
      "integrity": "sha1-2Klr13/Wjfd5OnMDajug1UBdR3s=",
      "dev": true
    },
    "csstype": {
      "version": "3.0.9",
      "resolved": "https://registry.npmjs.org/csstype/-/csstype-3.0.9.tgz",
      "integrity": "sha512-rpw6JPxK6Rfg1zLOYCSwle2GFOOsnjmDYDaBwEcwoOg4qlsIVCN789VkBZDJAGi4T07gI4YSutR43t9Zz4Lzuw==",
      "dev": true
    },
    "define-properties": {
      "version": "1.1.3",
      "resolved": "https://registry.npmjs.org/define-properties/-/define-properties-1.1.3.tgz",
      "integrity": "sha512-3MqfYKj2lLzdMSf8ZIZE/V+Zuy+BgD6f164e8K2w7dgnpKArBDerGYpM46IYYcjnkdPNMjPk9A6VFB8+3SKlXQ==",
      "dev": true,
      "requires": {
        "object-keys": "^1.0.12"
      }
    },
    "del": {
      "version": "2.2.2",
      "resolved": "https://registry.npmjs.org/del/-/del-2.2.2.tgz",
      "integrity": "sha1-wSyYHQZ4RshLyvhiz/kw2Qf/0ag=",
      "dev": true,
      "requires": {
        "globby": "^5.0.0",
        "is-path-cwd": "^1.0.0",
        "is-path-in-cwd": "^1.0.0",
        "object-assign": "^4.0.1",
        "pify": "^2.0.0",
        "pinkie-promise": "^2.0.0",
        "rimraf": "^2.2.8"
      }
    },
    "errno": {
      "version": "0.1.8",
      "resolved": "https://registry.npmjs.org/errno/-/errno-0.1.8.tgz",
      "integrity": "sha512-dJ6oBr5SQ1VSd9qkk7ByRgb/1SH4JZjCHSW/mr63/QcXO9zLVxvJ6Oy13nio03rxpSnVDDjFor75SjVeZWPW/A==",
      "dev": true,
      "requires": {
        "prr": "~1.0.1"
      }
    },
    "es-abstract": {
      "version": "1.19.1",
      "resolved": "https://registry.npmjs.org/es-abstract/-/es-abstract-1.19.1.tgz",
      "integrity": "sha512-2vJ6tjA/UfqLm2MPs7jxVybLoB8i1t1Jd9R3kISld20sIxPcTbLuggQOUxeWeAvIUkduv/CfMjuh4WmiXr2v9w==",
      "dev": true,
      "requires": {
        "call-bind": "^1.0.2",
        "es-to-primitive": "^1.2.1",
        "function-bind": "^1.1.1",
        "get-intrinsic": "^1.1.1",
        "get-symbol-description": "^1.0.0",
        "has": "^1.0.3",
        "has-symbols": "^1.0.2",
        "internal-slot": "^1.0.3",
        "is-callable": "^1.2.4",
        "is-negative-zero": "^2.0.1",
        "is-regex": "^1.1.4",
        "is-shared-array-buffer": "^1.0.1",
        "is-string": "^1.0.7",
        "is-weakref": "^1.0.1",
        "object-inspect": "^1.11.0",
        "object-keys": "^1.1.1",
        "object.assign": "^4.1.2",
        "string.prototype.trimend": "^1.0.4",
        "string.prototype.trimstart": "^1.0.4",
        "unbox-primitive": "^1.0.1"
      }
    },
    "es-to-primitive": {
      "version": "1.2.1",
      "resolved": "https://registry.npmjs.org/es-to-primitive/-/es-to-primitive-1.2.1.tgz",
      "integrity": "sha512-QCOllgZJtaUo9miYBcLChTUaHNjJF3PYs1VidD7AwiEj1kYxKeQTctLAezAOH5ZKRH0g2IgPn6KwB4IT8iRpvA==",
      "dev": true,
      "requires": {
        "is-callable": "^1.1.4",
        "is-date-object": "^1.0.1",
        "is-symbol": "^1.0.2"
      }
    },
    "es6-object-assign": {
      "version": "1.1.0",
      "resolved": "https://registry.npmjs.org/es6-object-assign/-/es6-object-assign-1.1.0.tgz",
      "integrity": "sha1-wsNYJlYkfDnqEHyx5mUrb58kUjw=",
      "dev": true
    },
    "es6-promise": {
      "version": "4.2.8",
      "resolved": "https://registry.npmjs.org/es6-promise/-/es6-promise-4.2.8.tgz",
      "integrity": "sha512-HJDGx5daxeIvxdBxvG2cb9g4tEvwIk3i8+nhX0yGrYmZUzbkdg8QbDevheDB8gd0//uPj4c1EQua8Q+MViT0/w==",
      "dev": true
    },
    "es6-string-polyfills": {
      "version": "1.0.0",
      "resolved": "https://registry.npmjs.org/es6-string-polyfills/-/es6-string-polyfills-1.0.0.tgz",
      "integrity": "sha1-AKiHjwXpzN+qiYdX5WPFd4TG/NE=",
      "dev": true,
      "requires": {
        "string.fromcodepoint": "^0.2.1",
        "string.prototype.codepointat": "^0.2.0",
        "string.prototype.endswith": "^0.2.0",
        "string.prototype.includes": "^1.0.0",
        "string.prototype.repeat": "^0.2.0",
        "string.prototype.startswith": "^0.2.0"
      }
    },
    "fs.realpath": {
      "version": "1.0.0",
      "resolved": "https://registry.npmjs.org/fs.realpath/-/fs.realpath-1.0.0.tgz",
      "integrity": "sha1-FQStJSMVjKpA20onh8sBQRmU6k8=",
      "dev": true
    },
    "function-bind": {
      "version": "1.1.1",
      "resolved": "https://registry.npmjs.org/function-bind/-/function-bind-1.1.1.tgz",
      "integrity": "sha512-yIovAzMX49sF8Yl58fSCWJ5svSLuaibPxXQJFLmBObTuCr0Mf1KiPopGM9NiFjiYBCbfaa2Fh6breQ6ANVTI0A==",
      "dev": true
    },
    "get-intrinsic": {
      "version": "1.1.1",
      "resolved": "https://registry.npmjs.org/get-intrinsic/-/get-intrinsic-1.1.1.tgz",
      "integrity": "sha512-kWZrnVM42QCiEA2Ig1bG8zjoIMOgxWwYCEeNdwY6Tv/cOSeGpcoX4pXHfKUxNKVoArnrEr2e9srnAxxGIraS9Q==",
      "dev": true,
      "requires": {
        "function-bind": "^1.1.1",
        "has": "^1.0.3",
        "has-symbols": "^1.0.1"
      }
    },
    "get-symbol-description": {
      "version": "1.0.0",
      "resolved": "https://registry.npmjs.org/get-symbol-description/-/get-symbol-description-1.0.0.tgz",
      "integrity": "sha512-2EmdH1YvIQiZpltCNgkuiUnyukzxM/R6NDJX31Ke3BG1Nq5b0S2PhX59UKi9vZpPDQVdqn+1IcaAwnzTT5vCjw==",
      "dev": true,
      "requires": {
        "call-bind": "^1.0.2",
        "get-intrinsic": "^1.1.1"
      }
    },
    "glob": {
      "version": "7.2.0",
      "resolved": "https://registry.npmjs.org/glob/-/glob-7.2.0.tgz",
      "integrity": "sha512-lmLf6gtyrPq8tTjSmrO94wBeQbFR3HbLHbuyD69wuyQkImp2hWqMGB47OX65FBkPffO641IP9jWa1z4ivqG26Q==",
      "dev": true,
      "requires": {
        "fs.realpath": "^1.0.0",
        "inflight": "^1.0.4",
        "inherits": "2",
        "minimatch": "^3.0.4",
        "once": "^1.3.0",
        "path-is-absolute": "^1.0.0"
      }
    },
    "globby": {
      "version": "5.0.0",
      "resolved": "https://registry.npmjs.org/globby/-/globby-5.0.0.tgz",
      "integrity": "sha1-69hGZ8oNuzMLmbz8aOrCvFQ3Dg0=",
      "dev": true,
      "requires": {
        "array-union": "^1.0.1",
        "arrify": "^1.0.0",
        "glob": "^7.0.3",
        "object-assign": "^4.0.1",
        "pify": "^2.0.0",
        "pinkie-promise": "^2.0.0"
      }
    },
    "graceful-fs": {
      "version": "4.2.8",
      "resolved": "https://registry.npmjs.org/graceful-fs/-/graceful-fs-4.2.8.tgz",
      "integrity": "sha512-qkIilPUYcNhJpd33n0GBXTB1MMPp14TxEsEs0pTrsSVucApsYzW5V+Q8Qxhik6KU3evy+qkAAowTByymK0avdg==",
      "dev": true
    },
    "has": {
      "version": "1.0.3",
      "resolved": "https://registry.npmjs.org/has/-/has-1.0.3.tgz",
      "integrity": "sha512-f2dvO0VU6Oej7RkWJGrehjbzMAjFp5/VKPp5tTpWIV4JHHZK1/BxbFRtf/siA2SWTe09caDmVtYYzWEIbBS4zw==",
      "dev": true,
      "requires": {
        "function-bind": "^1.1.1"
      }
    },
    "has-bigints": {
      "version": "1.0.1",
      "resolved": "https://registry.npmjs.org/has-bigints/-/has-bigints-1.0.1.tgz",
      "integrity": "sha512-LSBS2LjbNBTf6287JEbEzvJgftkF5qFkmCo9hDRpAzKhUOlJ+hx8dd4USs00SgsUNwc4617J9ki5YtEClM2ffA==",
      "dev": true
    },
    "has-symbols": {
      "version": "1.0.2",
      "resolved": "https://registry.npmjs.org/has-symbols/-/has-symbols-1.0.2.tgz",
      "integrity": "sha512-chXa79rL/UC2KlX17jo3vRGz0azaWEx5tGqZg5pO3NUyEJVB17dMruQlzCCOfUvElghKcm5194+BCRvi2Rv/Gw==",
      "dev": true
    },
    "has-tostringtag": {
      "version": "1.0.0",
      "resolved": "https://registry.npmjs.org/has-tostringtag/-/has-tostringtag-1.0.0.tgz",
      "integrity": "sha512-kFjcSNhnlGV1kyoGk7OXKSawH5JOb/LzUc5w9B02hOTO0dfFRjbHQKvg1d6cf3HbeUmtU9VbbV3qzZ2Teh97WQ==",
      "dev": true,
      "requires": {
        "has-symbols": "^1.0.2"
      }
    },
    "history": {
      "version": "4.10.1",
      "resolved": "https://registry.npmjs.org/history/-/history-4.10.1.tgz",
      "integrity": "sha512-36nwAD620w12kuzPAsyINPWJqlNbij+hpK1k9XRloDtym8mxzGYl2c17LnV6IAGB2Dmg4tEa7G7DlawS0+qjew==",
      "dev": true,
      "requires": {
        "@babel/runtime": "^7.1.2",
        "loose-envify": "^1.2.0",
        "resolve-pathname": "^3.0.0",
        "tiny-invariant": "^1.0.2",
        "tiny-warning": "^1.0.0",
        "value-equal": "^1.0.1"
      }
    },
    "hoist-non-react-statics": {
      "version": "3.3.2",
      "resolved": "https://registry.npmjs.org/hoist-non-react-statics/-/hoist-non-react-statics-3.3.2.tgz",
      "integrity": "sha512-/gGivxi8JPKWNm/W0jSmzcMPpfpPLc3dY/6GxhX2hQ9iGj3aDfklV4ET7NjKpSinLpJ5vafa9iiGIEZg10SfBw==",
      "dev": true,
      "requires": {
        "react-is": "^16.7.0"
      }
    },
    "inflight": {
      "version": "1.0.6",
      "resolved": "https://registry.npmjs.org/inflight/-/inflight-1.0.6.tgz",
      "integrity": "sha1-Sb1jMdfQLQwJvJEKEHW6gWW1bfk=",
      "dev": true,
      "requires": {
        "once": "^1.3.0",
        "wrappy": "1"
      }
    },
    "inherits": {
      "version": "2.0.4",
      "resolved": "https://registry.npmjs.org/inherits/-/inherits-2.0.4.tgz",
      "integrity": "sha512-k/vGaX4/Yla3WzyMCvTQOXYeIHvqOKtnqBduzTHpzpQZzAskKMhZ2K+EnBiSM9zGSoIFeMpXKxa4dYeZIQqewQ==",
      "dev": true
    },
    "internal-slot": {
      "version": "1.0.3",
      "resolved": "https://registry.npmjs.org/internal-slot/-/internal-slot-1.0.3.tgz",
      "integrity": "sha512-O0DB1JC/sPyZl7cIo78n5dR7eUSwwpYPiXRhTzNxZVAMUuB8vlnRFyLxdrVToks6XPLVnFfbzaVd5WLjhgg+vA==",
      "dev": true,
      "requires": {
        "get-intrinsic": "^1.1.0",
        "has": "^1.0.3",
        "side-channel": "^1.0.4"
      }
    },
    "interpret": {
      "version": "1.4.0",
      "resolved": "https://registry.npmjs.org/interpret/-/interpret-1.4.0.tgz",
      "integrity": "sha512-agE4QfB2Lkp9uICn7BAqoscw4SZP9kTE2hxiFI3jBPmXJfdqiahTbUuKGsMoN2GtqL9AxhYioAcVvgsb1HvRbA==",
      "dev": true
    },
    "intersection-observer": {
      "version": "0.5.1",
      "resolved": "https://registry.npmjs.org/intersection-observer/-/intersection-observer-0.5.1.tgz",
      "integrity": "sha512-Zd7Plneq82kiXFixs7bX62YnuZ0BMRci9br7io88LwDyF3V43cQMI+G5IiTlTNTt+LsDUppl19J/M2Fp9UkH6g==",
      "dev": true
    },
    "is-bigint": {
      "version": "1.0.4",
      "resolved": "https://registry.npmjs.org/is-bigint/-/is-bigint-1.0.4.tgz",
      "integrity": "sha512-zB9CruMamjym81i2JZ3UMn54PKGsQzsJeo6xvN3HJJ4CAsQNB6iRutp2To77OfCNuoxspsIhzaPoO1zyCEhFOg==",
      "dev": true,
      "requires": {
        "has-bigints": "^1.0.1"
      }
    },
    "is-boolean-object": {
      "version": "1.1.2",
      "resolved": "https://registry.npmjs.org/is-boolean-object/-/is-boolean-object-1.1.2.tgz",
      "integrity": "sha512-gDYaKHJmnj4aWxyj6YHyXVpdQawtVLHU5cb+eztPGczf6cjuTdwve5ZIEfgXqH4e57An1D1AKf8CZ3kYrQRqYA==",
      "dev": true,
      "requires": {
        "call-bind": "^1.0.2",
        "has-tostringtag": "^1.0.0"
      }
    },
    "is-callable": {
      "version": "1.2.4",
      "resolved": "https://registry.npmjs.org/is-callable/-/is-callable-1.2.4.tgz",
      "integrity": "sha512-nsuwtxZfMX67Oryl9LCQ+upnC0Z0BgpwntpS89m1H/TLF0zNfzfLMV/9Wa/6MZsj0acpEjAO0KF1xT6ZdLl95w==",
      "dev": true
    },
    "is-core-module": {
      "version": "2.7.0",
      "resolved": "https://registry.npmjs.org/is-core-module/-/is-core-module-2.7.0.tgz",
      "integrity": "sha512-ByY+tjCciCr+9nLryBYcSD50EOGWt95c7tIsKTG1J2ixKKXPvF7Ej3AVd+UfDydAJom3biBGDBALaO79ktwgEQ==",
      "dev": true,
      "requires": {
        "has": "^1.0.3"
      }
    },
    "is-date-object": {
      "version": "1.0.5",
      "resolved": "https://registry.npmjs.org/is-date-object/-/is-date-object-1.0.5.tgz",
      "integrity": "sha512-9YQaSxsAiSwcvS33MBk3wTCVnWK+HhF8VZR2jRxehM16QcVOdHqPn4VPHmRK4lSr38n9JriurInLcP90xsYNfQ==",
      "dev": true,
      "requires": {
        "has-tostringtag": "^1.0.0"
      }
    },
    "is-negative-zero": {
      "version": "2.0.1",
      "resolved": "https://registry.npmjs.org/is-negative-zero/-/is-negative-zero-2.0.1.tgz",
      "integrity": "sha512-2z6JzQvZRa9A2Y7xC6dQQm4FSTSTNWjKIYYTt4246eMTJmIo0Q+ZyOsU66X8lxK1AbB92dFeglPLrhwpeRKO6w==",
      "dev": true
    },
    "is-number-object": {
      "version": "1.0.6",
      "resolved": "https://registry.npmjs.org/is-number-object/-/is-number-object-1.0.6.tgz",
      "integrity": "sha512-bEVOqiRcvo3zO1+G2lVMy+gkkEm9Yh7cDMRusKKu5ZJKPUYSJwICTKZrNKHA2EbSP0Tu0+6B/emsYNHZyn6K8g==",
      "dev": true,
      "requires": {
        "has-tostringtag": "^1.0.0"
      }
    },
    "is-path-cwd": {
      "version": "1.0.0",
      "resolved": "https://registry.npmjs.org/is-path-cwd/-/is-path-cwd-1.0.0.tgz",
      "integrity": "sha1-0iXsIxMuie3Tj9p2dHLmLmXxEG0=",
      "dev": true
    },
    "is-path-in-cwd": {
      "version": "1.0.1",
      "resolved": "https://registry.npmjs.org/is-path-in-cwd/-/is-path-in-cwd-1.0.1.tgz",
      "integrity": "sha512-FjV1RTW48E7CWM7eE/J2NJvAEEVektecDBVBE5Hh3nM1Jd0kvhHtX68Pr3xsDf857xt3Y4AkwVULK1Vku62aaQ==",
      "dev": true,
      "requires": {
        "is-path-inside": "^1.0.0"
      }
    },
    "is-path-inside": {
      "version": "1.0.1",
      "resolved": "https://registry.npmjs.org/is-path-inside/-/is-path-inside-1.0.1.tgz",
      "integrity": "sha1-jvW33lBDej/cprToZe96pVy0gDY=",
      "dev": true,
      "requires": {
        "path-is-inside": "^1.0.1"
      }
    },
    "is-regex": {
      "version": "1.1.4",
      "resolved": "https://registry.npmjs.org/is-regex/-/is-regex-1.1.4.tgz",
      "integrity": "sha512-kvRdxDsxZjhzUX07ZnLydzS1TU/TJlTUHHY4YLL87e37oUA49DfkLqgy+VjFocowy29cKvcSiu+kIv728jTTVg==",
      "dev": true,
      "requires": {
        "call-bind": "^1.0.2",
        "has-tostringtag": "^1.0.0"
      }
    },
    "is-shared-array-buffer": {
      "version": "1.0.1",
      "resolved": "https://registry.npmjs.org/is-shared-array-buffer/-/is-shared-array-buffer-1.0.1.tgz",
      "integrity": "sha512-IU0NmyknYZN0rChcKhRO1X8LYz5Isj/Fsqh8NJOSf+N/hCOTwy29F32Ik7a+QszE63IdvmwdTPDd6cZ5pg4cwA==",
      "dev": true
    },
    "is-string": {
      "version": "1.0.7",
      "resolved": "https://registry.npmjs.org/is-string/-/is-string-1.0.7.tgz",
      "integrity": "sha512-tE2UXzivje6ofPW7l23cjDOMa09gb7xlAqG6jG5ej6uPV32TlWP3NKPigtaGeHNu9fohccRYvIiZMfOOnOYUtg==",
      "dev": true,
      "requires": {
        "has-tostringtag": "^1.0.0"
      }
    },
    "is-symbol": {
      "version": "1.0.4",
      "resolved": "https://registry.npmjs.org/is-symbol/-/is-symbol-1.0.4.tgz",
      "integrity": "sha512-C/CPBqKWnvdcxqIARxyOh4v1UUEOCHpgDa0WYgpKDFMszcrPcffg5uhwSgPCLD2WWxmq6isisz87tzT01tuGhg==",
      "dev": true,
      "requires": {
        "has-symbols": "^1.0.2"
      }
    },
    "is-weakref": {
      "version": "1.0.1",
      "resolved": "https://registry.npmjs.org/is-weakref/-/is-weakref-1.0.1.tgz",
      "integrity": "sha512-b2jKc2pQZjaeFYWEf7ScFj+Be1I+PXmlu572Q8coTXZ+LD/QQZ7ShPMst8h16riVgyXTQwUsFEl74mDvc/3MHQ==",
      "dev": true,
      "requires": {
        "call-bind": "^1.0.0"
      }
    },
    "isarray": {
      "version": "0.0.1",
      "resolved": "https://registry.npmjs.org/isarray/-/isarray-0.0.1.tgz",
      "integrity": "sha1-ihis/Kmo9Bd+Cav8YDiTmwXR7t8=",
      "dev": true
    },
    "js-tokens": {
      "version": "4.0.0",
      "resolved": "https://registry.npmjs.org/js-tokens/-/js-tokens-4.0.0.tgz",
      "integrity": "sha512-RdJUflcE3cUzKiMqQgsCu06FPu9UdIJO0beYbPhHN4k6apgJtifcoCtT9bcxOpYBtpD2kCM6Sbzg4CausW/PKQ==",
      "dev": true
    },
    "junk": {
      "version": "1.0.3",
      "resolved": "https://registry.npmjs.org/junk/-/junk-1.0.3.tgz",
      "integrity": "sha1-h75jSIZJy9ym9Tqzm+yczSNH9ZI=",
      "dev": true
    },
    "loose-envify": {
      "version": "1.4.0",
      "resolved": "https://registry.npmjs.org/loose-envify/-/loose-envify-1.4.0.tgz",
      "integrity": "sha512-lyuxPGr/Wfhrlem2CL/UcnUc1zcqKAImBDzukY7Y5F/yQiNdko6+fRLevlw1HgMySw7f611UIY408EtxRSoK3Q==",
      "dev": true,
      "requires": {
        "js-tokens": "^3.0.0 || ^4.0.0"
      }
    },
    "maximatch": {
      "version": "0.1.0",
      "resolved": "https://registry.npmjs.org/maximatch/-/maximatch-0.1.0.tgz",
      "integrity": "sha1-hs2NawTJ8wfAWmuUGZBtA2D7E6I=",
      "dev": true,
      "requires": {
        "array-differ": "^1.0.0",
        "array-union": "^1.0.1",
        "arrify": "^1.0.0",
        "minimatch": "^3.0.0"
      }
    },
    "mini-create-react-context": {
      "version": "0.4.1",
      "resolved": "https://registry.npmjs.org/mini-create-react-context/-/mini-create-react-context-0.4.1.tgz",
      "integrity": "sha512-YWCYEmd5CQeHGSAKrYvXgmzzkrvssZcuuQDDeqkT+PziKGMgE+0MCCtcKbROzocGBG1meBLl2FotlRwf4gAzbQ==",
      "dev": true,
      "requires": {
        "@babel/runtime": "^7.12.1",
        "tiny-warning": "^1.0.3"
      }
    },
    "minimatch": {
      "version": "3.0.4",
      "resolved": "https://registry.npmjs.org/minimatch/-/minimatch-3.0.4.tgz",
      "integrity": "sha512-yJHVQEhyqPLUTgt9B83PXu6W3rx4MvvHvSUvToogpwoGDOUQ+yDrR0HRot+yOCdCO7u4hX3pWft6kWBBcqh0UA==",
      "dev": true,
      "requires": {
        "brace-expansion": "^1.1.7"
      }
    },
    "minimist": {
      "version": "1.2.5",
      "resolved": "https://registry.npmjs.org/minimist/-/minimist-1.2.5.tgz",
      "integrity": "sha512-FM9nNUYrRBAELZQT3xeZQ7fmMOBg6nWNmJKTcgsJeaLstP/UODVpGsr5OhXhhXg6f+qtJ8uiZ+PUxkDWcgIXLw==",
      "dev": true
    },
    "mkdirp": {
      "version": "0.5.5",
      "resolved": "https://registry.npmjs.org/mkdirp/-/mkdirp-0.5.5.tgz",
      "integrity": "sha512-NKmAlESf6jMGym1++R0Ra7wvhV+wFW63FaSOFPwRahvea0gMUcGUhVeAg/0BC0wiv9ih5NYPB1Wn1UEI1/L+xQ==",
      "dev": true,
      "requires": {
        "minimist": "^1.2.5"
      }
    },
    "object-assign": {
      "version": "4.1.1",
      "resolved": "https://registry.npmjs.org/object-assign/-/object-assign-4.1.1.tgz",
      "integrity": "sha1-IQmtx5ZYh8/AXLvUQsrIv7s2CGM=",
      "dev": true
    },
    "object-inspect": {
      "version": "1.11.0",
      "resolved": "https://registry.npmjs.org/object-inspect/-/object-inspect-1.11.0.tgz",
      "integrity": "sha512-jp7ikS6Sd3GxQfZJPyH3cjcbJF6GZPClgdV+EFygjFLQ5FmW/dRUnTd9PQ9k0JhoNDabWFbpF1yCdSWCC6gexg==",
      "dev": true
    },
    "object-keys": {
      "version": "1.1.1",
      "resolved": "https://registry.npmjs.org/object-keys/-/object-keys-1.1.1.tgz",
      "integrity": "sha512-NuAESUOUMrlIXOfHKzD6bpPu3tYt3xvjNdRIQ+FeT0lNb4K8WR70CaDxhuNguS2XG+GjkyMwOzsN5ZktImfhLA==",
      "dev": true
    },
    "object.assign": {
      "version": "4.1.2",
      "resolved": "https://registry.npmjs.org/object.assign/-/object.assign-4.1.2.tgz",
      "integrity": "sha512-ixT2L5THXsApyiUPYKmW+2EHpXXe5Ii3M+f4e+aJFAHao5amFRW6J0OO6c/LU8Be47utCx2GL89hxGB6XSmKuQ==",
      "dev": true,
      "requires": {
        "call-bind": "^1.0.0",
        "define-properties": "^1.1.3",
        "has-symbols": "^1.0.1",
        "object-keys": "^1.1.1"
      }
    },
    "once": {
      "version": "1.4.0",
      "resolved": "https://registry.npmjs.org/once/-/once-1.4.0.tgz",
      "integrity": "sha1-WDsap3WWHUsROsF9nFC6753Xa9E=",
      "dev": true,
      "requires": {
        "wrappy": "1"
      }
    },
    "path-is-absolute": {
      "version": "1.0.1",
      "resolved": "https://registry.npmjs.org/path-is-absolute/-/path-is-absolute-1.0.1.tgz",
      "integrity": "sha1-F0uSaHNVNP+8es5r9TpanhtcX18=",
      "dev": true
    },
    "path-is-inside": {
      "version": "1.0.2",
      "resolved": "https://registry.npmjs.org/path-is-inside/-/path-is-inside-1.0.2.tgz",
      "integrity": "sha1-NlQX3t5EQw0cEa9hAn+s8HS9/FM=",
      "dev": true
    },
    "path-parse": {
      "version": "1.0.7",
      "resolved": "https://registry.npmjs.org/path-parse/-/path-parse-1.0.7.tgz",
      "integrity": "sha512-LDJzPVEEEPR+y48z93A0Ed0yXb8pAByGWo/k5YYdYgpY2/2EsOsksJrq7lOHxryrVOn1ejG6oAp8ahvOIQD8sw==",
      "dev": true
    },
    "path-to-regexp": {
      "version": "1.8.0",
      "resolved": "https://registry.npmjs.org/path-to-regexp/-/path-to-regexp-1.8.0.tgz",
      "integrity": "sha512-n43JRhlUKUAlibEJhPeir1ncUID16QnEjNpwzNdO3Lm4ywrBpBZ5oLD0I6br9evr1Y9JTqwRtAh7JLoOzAQdVA==",
      "dev": true,
      "requires": {
        "isarray": "0.0.1"
      }
    },
    "pify": {
      "version": "2.3.0",
      "resolved": "https://registry.npmjs.org/pify/-/pify-2.3.0.tgz",
      "integrity": "sha1-7RQaasBDqEnqWISY59yosVMw6Qw=",
      "dev": true
    },
    "pinkie": {
      "version": "2.0.4",
      "resolved": "https://registry.npmjs.org/pinkie/-/pinkie-2.0.4.tgz",
      "integrity": "sha1-clVrgM+g1IqXToDnckjoDtT3+HA=",
      "dev": true
    },
    "pinkie-promise": {
      "version": "2.0.1",
      "resolved": "https://registry.npmjs.org/pinkie-promise/-/pinkie-promise-2.0.1.tgz",
      "integrity": "sha1-ITXW36ejWMBprJsXh3YogihFD/o=",
      "dev": true,
      "requires": {
        "pinkie": "^2.0.0"
      }
    },
    "promise": {
      "version": "7.3.1",
      "resolved": "https://registry.npmjs.org/promise/-/promise-7.3.1.tgz",
      "integrity": "sha512-nolQXZ/4L+bP/UGlkfaIujX9BKxGwmQ9OT4mOt5yvy8iK1h3wqTEJCijzGANTCCl9nWjY41juyAn2K3Q1hLLTg==",
      "dev": true,
      "requires": {
        "asap": "~2.0.3"
      }
    },
    "prop-types": {
      "version": "15.7.2",
      "resolved": "https://registry.npmjs.org/prop-types/-/prop-types-15.7.2.tgz",
      "integrity": "sha512-8QQikdH7//R2vurIJSutZ1smHYTcLpRWEOlHnzcWHmBYrOGUysKwSsrC89BCiFj3CbrfJ/nXFdJepOVrY1GCHQ==",
      "dev": true,
      "requires": {
        "loose-envify": "^1.4.0",
        "object-assign": "^4.1.1",
        "react-is": "^16.8.1"
      }
    },
    "prr": {
      "version": "1.0.1",
      "resolved": "https://registry.npmjs.org/prr/-/prr-1.0.1.tgz",
      "integrity": "sha1-0/wRS6BplaRexok/SEzrHXj19HY=",
      "dev": true
    },
    "react": {
      "version": "16.14.0",
      "resolved": "https://registry.npmjs.org/react/-/react-16.14.0.tgz",
      "integrity": "sha512-0X2CImDkJGApiAlcf0ODKIneSwBPhqJawOa5wCtKbu7ZECrmS26NvtSILynQ66cgkT/RJ4LidJOc3bUESwmU8g==",
      "dev": true,
      "requires": {
        "loose-envify": "^1.1.0",
        "object-assign": "^4.1.1",
        "prop-types": "^15.6.2"
      }
    },
    "react-dom": {
      "version": "16.14.0",
      "resolved": "https://registry.npmjs.org/react-dom/-/react-dom-16.14.0.tgz",
      "integrity": "sha512-1gCeQXDLoIqMgqD3IO2Ah9bnf0w9kzhwN5q4FGnHZ67hBm9yePzB5JJAIQCc8x3pFnNlwFq4RidZggNAAkzWWw==",
      "dev": true,
      "requires": {
        "loose-envify": "^1.1.0",
        "object-assign": "^4.1.1",
        "prop-types": "^15.6.2",
        "scheduler": "^0.19.1"
      }
    },
    "react-is": {
      "version": "16.13.1",
      "resolved": "https://registry.npmjs.org/react-is/-/react-is-16.13.1.tgz",
      "integrity": "sha512-24e6ynE2H+OKt4kqsOvNd8kBpV65zoxbA4BVsEOB3ARVWQki/DHzaUoC5KuON/BiccDaCCTZBuOcfZs70kR8bQ==",
      "dev": true
    },
    "react-router": {
      "version": "5.2.1",
      "resolved": "https://registry.npmjs.org/react-router/-/react-router-5.2.1.tgz",
      "integrity": "sha512-lIboRiOtDLFdg1VTemMwud9vRVuOCZmUIT/7lUoZiSpPODiiH1UQlfXy+vPLC/7IWdFYnhRwAyNqA/+I7wnvKQ==",
      "dev": true,
      "requires": {
        "@babel/runtime": "^7.12.13",
        "history": "^4.9.0",
        "hoist-non-react-statics": "^3.1.0",
        "loose-envify": "^1.3.1",
        "mini-create-react-context": "^0.4.0",
        "path-to-regexp": "^1.7.0",
        "prop-types": "^15.6.2",
        "react-is": "^16.6.0",
        "tiny-invariant": "^1.0.2",
        "tiny-warning": "^1.0.0"
      }
    },
    "react-router-dom": {
      "version": "5.3.0",
      "resolved": "https://registry.npmjs.org/react-router-dom/-/react-router-dom-5.3.0.tgz",
      "integrity": "sha512-ObVBLjUZsphUUMVycibxgMdh5jJ1e3o+KpAZBVeHcNQZ4W+uUGGWsokurzlF4YOldQYRQL4y6yFRWM4m3svmuQ==",
      "dev": true,
      "requires": {
        "@babel/runtime": "^7.12.13",
        "history": "^4.9.0",
        "loose-envify": "^1.3.1",
        "prop-types": "^15.6.2",
        "react-router": "5.2.1",
        "tiny-invariant": "^1.0.2",
        "tiny-warning": "^1.0.0"
      }
    },
    "rechoir": {
      "version": "0.6.2",
      "resolved": "https://registry.npmjs.org/rechoir/-/rechoir-0.6.2.tgz",
      "integrity": "sha1-hSBLVNuoLVdC4oyWdW70OvUOM4Q=",
      "dev": true,
      "requires": {
        "resolve": "^1.1.6"
      }
    },
    "recursive-copy": {
      "version": "2.0.13",
      "resolved": "https://registry.npmjs.org/recursive-copy/-/recursive-copy-2.0.13.tgz",
      "integrity": "sha512-BjmE6R/dOImStEku+017L3Z0I6u/lA+SVr1sySWbTLjmQKDTESNmJ9WBZP8wbN5FuvqNvSYvRKA/IKQhAjqnpQ==",
      "dev": true,
      "requires": {
        "del": "^2.2.0",
        "errno": "^0.1.2",
        "graceful-fs": "^4.1.4",
        "junk": "^1.0.1",
        "maximatch": "^0.1.0",
        "mkdirp": "^0.5.1",
        "pify": "^2.3.0",
        "promise": "^7.0.1",
        "slash": "^1.0.0"
      }
    },
    "regenerator-runtime": {
      "version": "0.13.9",
      "resolved": "https://registry.npmjs.org/regenerator-runtime/-/regenerator-runtime-0.13.9.tgz",
      "integrity": "sha512-p3VT+cOEgxFsRRA9X4lkI1E+k2/CtnKtU4gcxyaCUreilL/vqI6CdZ3wxVUx3UOUg+gnUOQQcRI7BmSI656MYA==",
      "dev": true
    },
    "resolve": {
      "version": "1.20.0",
      "resolved": "https://registry.npmjs.org/resolve/-/resolve-1.20.0.tgz",
      "integrity": "sha512-wENBPt4ySzg4ybFQW2TT1zMQucPK95HSh/nq2CFTZVOGut2+pQvSsgtda4d26YrYcr067wjbmzOG8byDPBX63A==",
      "dev": true,
      "requires": {
        "is-core-module": "^2.2.0",
        "path-parse": "^1.0.6"
      }
    },
    "resolve-pathname": {
      "version": "3.0.0",
      "resolved": "https://registry.npmjs.org/resolve-pathname/-/resolve-pathname-3.0.0.tgz",
      "integrity": "sha512-C7rARubxI8bXFNB/hqcp/4iUeIXJhJZvFPFPiSPRnhU5UPxzMFIl+2E6yY6c4k9giDJAhtV+enfA+G89N6Csng==",
      "dev": true
    },
    "rimraf": {
      "version": "2.7.1",
      "resolved": "https://registry.npmjs.org/rimraf/-/rimraf-2.7.1.tgz",
      "integrity": "sha512-uWjbaKIK3T1OSVptzX7Nl6PvQ3qAGtKEtVRjRuazjfL3Bx5eI409VZSqgND+4UNnmzLVdPj9FqFJNPqBZFve4w==",
      "dev": true,
      "requires": {
        "glob": "^7.1.3"
      }
    },
    "scheduler": {
      "version": "0.19.1",
      "resolved": "https://registry.npmjs.org/scheduler/-/scheduler-0.19.1.tgz",
      "integrity": "sha512-n/zwRWRYSUj0/3g/otKDRPMh6qv2SYMWNq85IEa8iZyAv8od9zDYpGSnpBEjNgcMNq6Scbu5KfIPxNF72R/2EA==",
      "dev": true,
      "requires": {
        "loose-envify": "^1.1.0",
        "object-assign": "^4.1.1"
      }
    },
    "shelljs": {
      "version": "0.8.4",
      "resolved": "https://registry.npmjs.org/shelljs/-/shelljs-0.8.4.tgz",
      "integrity": "sha512-7gk3UZ9kOfPLIAbslLzyWeGiEqx9e3rxwZM0KE6EL8GlGwjym9Mrlx5/p33bWTu9YG6vcS4MBxYZDHYr5lr8BQ==",
      "dev": true,
      "requires": {
        "glob": "^7.0.0",
        "interpret": "^1.0.0",
        "rechoir": "^0.6.2"
      }
    },
    "side-channel": {
      "version": "1.0.4",
      "resolved": "https://registry.npmjs.org/side-channel/-/side-channel-1.0.4.tgz",
      "integrity": "sha512-q5XPytqFEIKHkGdiMIrY10mvLRvnQh42/+GoBlFW3b2LXLE2xxJpZFdm94we0BaoV3RwJyGqg5wS7epxTv0Zvw==",
      "dev": true,
      "requires": {
        "call-bind": "^1.0.0",
        "get-intrinsic": "^1.0.2",
        "object-inspect": "^1.9.0"
      }
    },
    "slash": {
      "version": "1.0.0",
      "resolved": "https://registry.npmjs.org/slash/-/slash-1.0.0.tgz",
      "integrity": "sha1-xB8vbDn8FtHNF61LXYlhFK5HDVU=",
      "dev": true
    },
    "source-map": {
      "version": "0.6.1",
      "resolved": "https://registry.npmjs.org/source-map/-/source-map-0.6.1.tgz",
      "integrity": "sha512-UjgapumWlbMhkBgzT7Ykc5YXUT46F0iKu8SGXq0bcwP5dz/h0Plj6enJqjz1Zbq2l5WaqYnrVbwWOWMyF3F47g==",
      "dev": true
    },
    "string.fromcodepoint": {
      "version": "0.2.1",
      "resolved": "https://registry.npmjs.org/string.fromcodepoint/-/string.fromcodepoint-0.2.1.tgz",
      "integrity": "sha1-jZeDM8C8klOPUPOD5IiPPlYZ1lM=",
      "dev": true
    },
    "string.prototype.codepointat": {
      "version": "0.2.1",
      "resolved": "https://registry.npmjs.org/string.prototype.codepointat/-/string.prototype.codepointat-0.2.1.tgz",
      "integrity": "sha512-2cBVCj6I4IOvEnjgO/hWqXjqBGsY+zwPmHl12Srk9IXSZ56Jwwmy+66XO5Iut/oQVR7t5ihYdLB0GMa4alEUcg==",
      "dev": true
    },
    "string.prototype.endswith": {
      "version": "0.2.0",
      "resolved": "https://registry.npmjs.org/string.prototype.endswith/-/string.prototype.endswith-0.2.0.tgz",
      "integrity": "sha1-oZwg3uUamHd+mkfhDwm+OTubunU=",
      "dev": true
    },
    "string.prototype.includes": {
      "version": "1.0.0",
      "resolved": "https://registry.npmjs.org/string.prototype.includes/-/string.prototype.includes-1.0.0.tgz",
      "integrity": "sha1-gpNhzvj/uSfe+TzNU3PZ3MN+568=",
      "dev": true
    },
    "string.prototype.repeat": {
      "version": "0.2.0",
      "resolved": "https://registry.npmjs.org/string.prototype.repeat/-/string.prototype.repeat-0.2.0.tgz",
      "integrity": "sha1-q6Nt4I3O5qWjN9SbLqHaGyj8Ds8=",
      "dev": true
    },
    "string.prototype.startswith": {
      "version": "0.2.0",
      "resolved": "https://registry.npmjs.org/string.prototype.startswith/-/string.prototype.startswith-0.2.0.tgz",
      "integrity": "sha1-2miYLjU6TprEpDtFCiBF0cRFrns=",
      "dev": true
    },
    "string.prototype.trimend": {
      "version": "1.0.4",
      "resolved": "https://registry.npmjs.org/string.prototype.trimend/-/string.prototype.trimend-1.0.4.tgz",
      "integrity": "sha512-y9xCjw1P23Awk8EvTpcyL2NIr1j7wJ39f+k6lvRnSMz+mz9CGz9NYPelDk42kOz6+ql8xjfK8oYzy3jAP5QU5A==",
      "dev": true,
      "requires": {
        "call-bind": "^1.0.2",
        "define-properties": "^1.1.3"
      }
    },
    "string.prototype.trimstart": {
      "version": "1.0.4",
      "resolved": "https://registry.npmjs.org/string.prototype.trimstart/-/string.prototype.trimstart-1.0.4.tgz",
      "integrity": "sha512-jh6e984OBfvxS50tdY2nRZnoC5/mLFKOREQfw8t5yytkoUsJRNxvI/E39qu1sD0OtWI3OC0XgKSmcWwziwYuZw==",
      "dev": true,
      "requires": {
        "call-bind": "^1.0.2",
        "define-properties": "^1.1.3"
      }
    },
    "tiny-invariant": {
      "version": "1.1.0",
      "resolved": "https://registry.npmjs.org/tiny-invariant/-/tiny-invariant-1.1.0.tgz",
      "integrity": "sha512-ytxQvrb1cPc9WBEI/HSeYYoGD0kWnGEOR8RY6KomWLBVhqz0RgTwVO9dLrGz7dC+nN9llyI7OKAgRq8Vq4ZBSw==",
      "dev": true
    },
    "tiny-warning": {
      "version": "1.0.3",
      "resolved": "https://registry.npmjs.org/tiny-warning/-/tiny-warning-1.0.3.tgz",
      "integrity": "sha512-lBN9zLN/oAf68o3zNXYrdCt1kP8WsiGW8Oo2ka41b2IM5JL/S1CTyX1rW0mb/zSuJun0ZUrDxx4sqvYS2FWzPA==",
      "dev": true
    },
    "tslib": {
      "version": "2.3.1",
      "resolved": "https://registry.npmjs.org/tslib/-/tslib-2.3.1.tgz",
      "integrity": "sha512-77EbyPPpMz+FRFRuAFlWMtmgUWGe9UOG2Z25NqCwiIjRhOf5iKGuzSe5P2w1laq+FkRy4p+PCuVkJSGkzTEKVw==",
      "dev": true
    },
    "typescript": {
      "version": "4.4.3",
      "resolved": "https://registry.npmjs.org/typescript/-/typescript-4.4.3.tgz",
      "integrity": "sha512-4xfscpisVgqqDfPaJo5vkd+Qd/ItkoagnHpufr+i2QCHBsNYp+G7UAoyFl8aPtx879u38wPV65rZ8qbGZijalA==",
      "dev": true
    },
    "uglify-es": {
      "version": "3.3.9",
      "resolved": "https://registry.npmjs.org/uglify-es/-/uglify-es-3.3.9.tgz",
      "integrity": "sha512-r+MU0rfv4L/0eeW3xZrd16t4NZfK8Ld4SWVglYBb7ez5uXFWHuVRs6xCTrf1yirs9a4j4Y27nn7SRfO6v67XsQ==",
      "dev": true,
      "requires": {
        "commander": "~2.13.0",
        "source-map": "~0.6.1"
      }
    },
    "unbox-primitive": {
      "version": "1.0.1",
      "resolved": "https://registry.npmjs.org/unbox-primitive/-/unbox-primitive-1.0.1.tgz",
      "integrity": "sha512-tZU/3NqK3dA5gpE1KtyiJUrEB0lxnGkMFHptJ7q6ewdZ8s12QrODwNbhIJStmJkd1QDXa1NRA8aF2A1zk/Ypyw==",
      "dev": true,
      "requires": {
        "function-bind": "^1.1.1",
        "has-bigints": "^1.0.1",
        "has-symbols": "^1.0.2",
        "which-boxed-primitive": "^1.0.2"
      }
    },
    "value-equal": {
      "version": "1.0.1",
      "resolved": "https://registry.npmjs.org/value-equal/-/value-equal-1.0.1.tgz",
      "integrity": "sha512-NOJ6JZCAWr0zlxZt+xqCHNTEKOsrks2HQd4MqhP1qy4z1SkbEP467eNx6TgDKXMvUOb+OENfJCZwM+16n7fRfw==",
      "dev": true
    },
    "which-boxed-primitive": {
      "version": "1.0.2",
      "resolved": "https://registry.npmjs.org/which-boxed-primitive/-/which-boxed-primitive-1.0.2.tgz",
      "integrity": "sha512-bwZdv0AKLpplFY2KZRX6TvyuN7ojjr7lwkg6ml0roIy9YeuSr7JS372qlNW18UQYzgYK9ziGcerWqZOmEn9VNg==",
      "dev": true,
      "requires": {
        "is-bigint": "^1.0.1",
        "is-boolean-object": "^1.1.0",
        "is-number-object": "^1.0.4",
        "is-string": "^1.0.5",
        "is-symbol": "^1.0.3"
      }
    },
    "wrappy": {
      "version": "1.0.2",
      "resolved": "https://registry.npmjs.org/wrappy/-/wrappy-1.0.2.tgz",
      "integrity": "sha1-tSQ9jz7BqjXxNkYFvA0QNuMKtp8=",
      "dev": true
    }
  }
}
